<?xml version="1.0" encoding="utf-8"?>
<Project ToolsVersion="4.0" xmlns="http://schemas.microsoft.com/developer/msbuild/2003">
  <ItemGroup>
    <Filter Include="shaders">
      <UniqueIdentifier>{0F45D591-7B24-542D-843C-DF03F09ABA8E}</UniqueIdentifier>
    </Filter>
    <Filter Include="shaders\menu">
      <UniqueIdentifier>{B3C77519-9F2A-05BE-48B0-3D7434F2D040}</UniqueIdentifier>
    </Filter>
    <Filter Include="shaders\text">
      <UniqueIdentifier>{A39F7919-8F02-09BE-3888-417424CAD440}</UniqueIdentifier>
    </Filter>
    <Filter Include="src">
      <UniqueIdentifier>{2DAB880B-99B4-887C-2230-9F7C8E38947C}</UniqueIdentifier>
    </Filter>
    <Filter Include="src\display">
      <UniqueIdentifier>{B247071C-1EFD-7F11-A7F1-79E813A67615}</UniqueIdentifier>
    </Filter>
    <Filter Include="src\engine">
      <UniqueIdentifier>{32B5D758-1E6D-19A6-8774-F201734BB496}</UniqueIdentifier>
    </Filter>
    <Filter Include="src\engine\core">
      <UniqueIdentifier>{EA741D25-5600-8BE9-5F11-0EDECB1BE7E9}</UniqueIdentifier>
    </Filter>
    <Filter Include="src\engine\main">
      <UniqueIdentifier>{06B42225-723F-90E9-7B50-13DEE75AECE9}</UniqueIdentifier>
    </Filter>
    <Filter Include="src\engine\utilities">
      <UniqueIdentifier>{3DA0BBC8-292F-4592-D24D-598DBEBB5538}</UniqueIdentifier>
    </Filter>
    <Filter Include="src\engine\utilities\extern">
      <UniqueIdentifier>{C25D5ECF-2E6B-8CB5-B751-88A0235E586C}</UniqueIdentifier>
    </Filter>
    <Filter Include="src\engine\utilities\font">
      <UniqueIdentifier>{83A3D640-EF65-0ACB-3816-9957A417E3A8}</UniqueIdentifier>
    </Filter>
    <Filter Include="src\engine\utilities\input">
      <UniqueIdentifier>{1CDAE05B-08EA-8C2C-71A3-F14A5DD27BC5}</UniqueIdentifier>
    </Filter>
    <Filter Include="src\entities">
      <UniqueIdentifier>{A142F00B-8DA5-7FB0-362B-B866226D4B33}</UniqueIdentifier>
    </Filter>
    <Filter Include="src\events">
      <UniqueIdentifier>{91766759-7D2E-A9A6-E635-8202D20C4497}</UniqueIdentifier>
    </Filter>
    <Filter Include="src\layers">
      <UniqueIdentifier>{6C614A68-5819-8CB5-C120-6511ADF726A6}</UniqueIdentifier>
    </Filter>
    <Filter Include="src\layers\info layers">
      <UniqueIdentifier>{972BAF8E-8325-D8E0-6C92-6EF1582B3E4D}</UniqueIdentifier>
    </Filter>
    <Filter Include="src\layers\main">
      <UniqueIdentifier>{80146C6A-EC9F-D92E-F5B0-5C2361BB352F}</UniqueIdentifier>
    </Filter>
    <Filter Include="src\layers\menu layers">
      <UniqueIdentifier>{C06B31AD-AC65-5AFF-95D2-F00F816BC06B}</UniqueIdentifier>
    </Filter>
    <Filter Include="src\layers\sandbox layers">
      <UniqueIdentifier>{BA3FC3DF-2602-F769-6FB2-85F6DBB3CF47}</UniqueIdentifier>
    </Filter>
    <Filter Include="src\loadingTools">
      <UniqueIdentifier>{EB1B37DF-D714-5631-0047-3BB6EC9E353D}</UniqueIdentifier>
    </Filter>
    <Filter Include="src\loadingTools\batch loading">
      <UniqueIdentifier>{DAA5714A-C6CB-3BB1-AF11-C17C9BD6607D}</UniqueIdentifier>
    </Filter>
    <Filter Include="src\loadingTools\instance loading">
      <UniqueIdentifier>{ADF17118-1960-C797-6249-8297CEF6BC33}</UniqueIdentifier>
    </Filter>
    <Filter Include="src\loadingTools\text loading">
      <UniqueIdentifier>{5D7610E2-C98E-F70B-923B-87A5FE128CA5}</UniqueIdentifier>
    </Filter>
    <Filter Include="src\loadingTools\uniform loading">
      <UniqueIdentifier>{D8A9B1DC-C4FA-9C1E-ED5E-8BE0D90E3088}</UniqueIdentifier>
    </Filter>
    <Filter Include="src\models">
      <UniqueIdentifier>{605C916B-4C14-D3B8-B51B-AC14A1F26DA9}</UniqueIdentifier>
    </Filter>
    <Filter Include="src\player">
      <UniqueIdentifier>{C93B5972-B5F3-9ABF-1EFB-731B0AD235B0}</UniqueIdentifier>
    </Filter>
    <Filter Include="src\renderEngine">
      <UniqueIdentifier>{32D13939-1ECA-588B-47FC-3D1033543897}</UniqueIdentifier>
    </Filter>
    <Filter Include="src\shaders">
      <UniqueIdentifier>{26450F9B-92FA-8790-1BEF-816787A37E94}</UniqueIdentifier>
    </Filter>
    <Filter Include="src\textures">
      <UniqueIdentifier>{C0FB1B39-AC5E-ABDD-55E4-E39341267760}</UniqueIdentifier>
    </Filter>
    <Filter Include="src\tools">
      <UniqueIdentifier>{8DED2DB6-F957-E22C-4296-93D2AE3FC081}</UniqueIdentifier>
    </Filter>
    <Filter Include="src\tools\math">
      <UniqueIdentifier>{A65E61BD-922C-55C3-7BC0-C5E9672D3128}</UniqueIdentifier>
    </Filter>
    <Filter Include="src\ui">
      <UniqueIdentifier>{7A4F661C-66F1-90F2-4FAC-A4463BED1743}</UniqueIdentifier>
    </Filter>
    <Filter Include="src\ui\elements">
      <UniqueIdentifier>{2672E2A4-92FD-4F69-9B0E-D35D0719AC69}</UniqueIdentifier>
    </Filter>
    <Filter Include="src\ui\infospaces">
      <UniqueIdentifier>{94D06207-00E7-609D-495E-ECBEB5B33125}</UniqueIdentifier>
    </Filter>
    <Filter Include="src\ui\menus">
      <UniqueIdentifier>{31AD76AE-1D10-0653-C695-3E09B2D7D1D5}</UniqueIdentifier>
    </Filter>
    <Filter Include="src\world">
      <UniqueIdentifier>{C44364B6-30AE-182D-79EC-C9D2E595F681}</UniqueIdentifier>
    </Filter>
  </ItemGroup>
  <ItemGroup>
    <ClInclude Include="src\display\DisplayManager.h">
      <Filter>src\display</Filter>
    </ClInclude>
    <ClInclude Include="src\display\Window.h">
      <Filter>src\display</Filter>
    </ClInclude>
    <ClInclude Include="src\engine\core\Engine.h">
      <Filter>src\engine\core</Filter>
    </ClInclude>
    <ClInclude Include="src\engine\core\ShmingoCore.h">
      <Filter>src\engine\core</Filter>
    </ClInclude>
    <ClInclude Include="src\engine\core\sepch.h">
      <Filter>src\engine\core</Filter>
    </ClInclude>
    <ClInclude Include="src\engine\main\ShmingoApp.h">
      <Filter>src\engine\main</Filter>
    </ClInclude>
    <ClInclude Include="src\engine\utilities\font\FontUtil.h">
      <Filter>src\engine\utilities\font</Filter>
    </ClInclude>
    <ClInclude Include="src\engine\utilities\input\Input.h">
      <Filter>src\engine\utilities\input</Filter>
    </ClInclude>
    <ClInclude Include="src\entities\Entity.h">
      <Filter>src\entities</Filter>
    </ClInclude>
    <ClInclude Include="src\entities\InstancedEntity.h">
      <Filter>src\entities</Filter>
    </ClInclude>
    <ClInclude Include="src\events\Event.h">
      <Filter>src\events</Filter>
    </ClInclude>
    <ClInclude Include="src\events\EventBus.h">
      <Filter>src\events</Filter>
    </ClInclude>
    <ClInclude Include="src\events\EventHandler.h">
      <Filter>src\events</Filter>
    </ClInclude>
    <ClInclude Include="src\layers\main\Layer.h">
      <Filter>src\layers\main</Filter>
    </ClInclude>
    <ClInclude Include="src\layers\main\LayerStack.h">
      <Filter>src\layers\main</Filter>
    </ClInclude>
    <ClInclude Include="src\loadingTools\batch loading\InstancedVertexArray.h">
      <Filter>src\loadingTools\batch loading</Filter>
    </ClInclude>
    <ClInclude Include="src\loadingTools\instance loading\EntityVertexArray.h">
      <Filter>src\loadingTools\instance loading</Filter>
    </ClInclude>
    <ClInclude Include="src\loadingTools\text loading\TextBox.h">
      <Filter>src\loadingTools\text loading</Filter>
    </ClInclude>
    <ClInclude Include="src\loadingTools\text loading\TextVertexArray.h">
      <Filter>src\loadingTools\text loading</Filter>
    </ClInclude>
    <ClInclude Include="src\loadingTools\uniform loading\UniformBuffer.h">
      <Filter>src\loadingTools\uniform loading</Filter>
    </ClInclude>
    <ClInclude Include="src\models\Model.h">
      <Filter>src\models</Filter>
    </ClInclude>
    <ClInclude Include="src\models\ModelManager.h">
      <Filter>src\models</Filter>
    </ClInclude>
    <ClInclude Include="src\models\ModelTools.h">
      <Filter>src\models</Filter>
    </ClInclude>
    <ClInclude Include="src\player\Camera.h">
      <Filter>src\player</Filter>
    </ClInclude>
    <ClInclude Include="src\player\Player.h">
      <Filter>src\player</Filter>
    </ClInclude>
    <ClInclude Include="src\renderEngine\MasterRenderer.h">
      <Filter>src\renderEngine</Filter>
    </ClInclude>
    <ClInclude Include="src\renderEngine\RenderPair.h">
      <Filter>src\renderEngine</Filter>
    </ClInclude>
    <ClInclude Include="src\renderEngine\Renderer.h">
      <Filter>src\renderEngine</Filter>
    </ClInclude>
    <ClInclude Include="src\shaders\DefaultShader.h">
      <Filter>src\shaders</Filter>
    </ClInclude>
    <ClInclude Include="src\shaders\ShaderProgram.h">
      <Filter>src\shaders</Filter>
    </ClInclude>
    <ClInclude Include="src\textures\Texture.h">
      <Filter>src\textures</Filter>
    </ClInclude>
    <ClInclude Include="src\textures\TextureAtlas.h">
      <Filter>src\textures</Filter>
    </ClInclude>
    <ClInclude Include="src\textures\TextureTools.h">
      <Filter>src\textures</Filter>
    </ClInclude>
    <ClInclude Include="src\tools\DataStructures.h">
      <Filter>src\tools</Filter>
    </ClInclude>
    <ClInclude Include="src\tools\MiscTools.h">
      <Filter>src\tools</Filter>
    </ClInclude>
    <ClInclude Include="src\tools\math\MathTools.h">
      <Filter>src\tools\math</Filter>
    </ClInclude>
    <ClInclude Include="src\tools\math\Matrices.h">
      <Filter>src\tools\math</Filter>
    </ClInclude>
    <ClInclude Include="src\ui\elements\MenuButton.h">
      <Filter>src\ui\elements</Filter>
    </ClInclude>
    <ClInclude Include="src\ui\infospaces\InfoSpace.h">
      <Filter>src\ui\infospaces</Filter>
    </ClInclude>
    <ClInclude Include="src\ui\menus\InteractiveMenu.h">
      <Filter>src\ui\menus</Filter>
    </ClInclude>
    <ClInclude Include="src\world\World.h">
      <Filter>src\world</Filter>
    </ClInclude>
  </ItemGroup>
  <ItemGroup>
    <ClCompile Include="src\display\DisplayManager.cpp">
      <Filter>src\display</Filter>
    </ClCompile>
    <ClCompile Include="src\display\Window.cpp">
      <Filter>src\display</Filter>
    </ClCompile>
    <ClCompile Include="src\engine\core\ShmingoCore.cpp">
      <Filter>src\engine\core</Filter>
    </ClCompile>
    <ClCompile Include="src\engine\core\sepch.cpp">
      <Filter>src\engine\core</Filter>
    </ClCompile>
    <ClCompile Include="src\engine\main\ShmingoApp.cpp">
      <Filter>src\engine\main</Filter>
    </ClCompile>
    <ClCompile Include="src\engine\main\main.cpp">
      <Filter>src\engine\main</Filter>
    </ClCompile>
    <ClCompile Include="src\engine\utilities\extern\glad.c">
      <Filter>src\engine\utilities\extern</Filter>
    </ClCompile>
    <ClCompile Include="src\engine\utilities\extern\stb_image.cpp">
      <Filter>src\engine\utilities\extern</Filter>
    </ClCompile>
    <ClCompile Include="src\engine\utilities\font\FontUtil.cpp">
      <Filter>src\engine\utilities\font</Filter>
    </ClCompile>
    <ClCompile Include="src\engine\utilities\input\Input.cpp">
      <Filter>src\engine\utilities\input</Filter>
    </ClCompile>
    <ClCompile Include="src\entities\Entity.cpp">
      <Filter>src\entities</Filter>
    </ClCompile>
    <ClCompile Include="src\entities\InstancedEntity.cpp">
      <Filter>src\entities</Filter>
    </ClCompile>
    <ClCompile Include="src\layers\info layers\InfoLayer.cpp">
      <Filter>src\layers\info layers</Filter>
    </ClCompile>
    <ClCompile Include="src\layers\info layers\TopLayer.cpp">
      <Filter>src\layers\info layers</Filter>
    </ClCompile>
    <ClCompile Include="src\layers\main\Layer.cpp">
      <Filter>src\layers\main</Filter>
    </ClCompile>
    <ClCompile Include="src\layers\main\LayerStack.cpp">
      <Filter>src\layers\main</Filter>
    </ClCompile>
    <ClCompile Include="src\layers\menu layers\PauseMenuLayer.cpp">
      <Filter>src\layers\menu layers</Filter>
    </ClCompile>
    <ClCompile Include="src\layers\sandbox layers\SandboxLayer.cpp">
      <Filter>src\layers\sandbox layers</Filter>
    </ClCompile>
    <ClCompile Include="src\loadingTools\batch loading\InstancedVertexArray.cpp">
      <Filter>src\loadingTools\batch loading</Filter>
    </ClCompile>
    <ClCompile Include="src\loadingTools\instance loading\EntityVertexArray.cpp">
      <Filter>src\loadingTools\instance loading</Filter>
    </ClCompile>
    <ClCompile Include="src\loadingTools\text loading\TextBox.cpp">
      <Filter>src\loadingTools\text loading</Filter>
    </ClCompile>
    <ClCompile Include="src\loadingTools\text loading\TextVertexArray.cpp">
      <Filter>src\loadingTools\text loading</Filter>
    </ClCompile>
    <ClCompile Include="src\loadingTools\uniform loading\UniformBuffer.cpp">
      <Filter>src\loadingTools\uniform loading</Filter>
    </ClCompile>
    <ClCompile Include="src\models\Model.cpp">
      <Filter>src\models</Filter>
    </ClCompile>
    <ClCompile Include="src\models\ModelManager.cpp">
      <Filter>src\models</Filter>
    </ClCompile>
    <ClCompile Include="src\models\ModelTools.cpp">
      <Filter>src\models</Filter>
    </ClCompile>
    <ClCompile Include="src\player\Camera.cpp">
      <Filter>src\player</Filter>
    </ClCompile>
    <ClCompile Include="src\player\Player.cpp">
      <Filter>src\player</Filter>
    </ClCompile>
    <ClCompile Include="src\renderEngine\MasterRenderer.cpp">
      <Filter>src\renderEngine</Filter>
    </ClCompile>
    <ClCompile Include="src\renderEngine\Renderer.cpp">
      <Filter>src\renderEngine</Filter>
    </ClCompile>
    <ClCompile Include="src\shaders\DefaultShader.cpp">
      <Filter>src\shaders</Filter>
    </ClCompile>
    <ClCompile Include="src\shaders\ShaderProgram.cpp">
      <Filter>src\shaders</Filter>
    </ClCompile>
    <ClCompile Include="src\textures\Texture.cpp">
      <Filter>src\textures</Filter>
    </ClCompile>
    <ClCompile Include="src\textures\TextureAtlas.cpp">
      <Filter>src\textures</Filter>
    </ClCompile>
    <ClCompile Include="src\textures\TextureTools.cpp">
      <Filter>src\textures</Filter>
    </ClCompile>
    <ClCompile Include="src\tools\MiscTools.cpp">
      <Filter>src\tools</Filter>
    </ClCompile>
    <ClCompile Include="src\tools\math\MathTools.cpp">
      <Filter>src\tools\math</Filter>
    </ClCompile>
    <ClCompile Include="src\tools\math\Matrices.cpp">
      <Filter>src\tools\math</Filter>
    </ClCompile>
    <ClCompile Include="src\ui\infospaces\InfoSpace.cpp">
      <Filter>src\ui\infospaces</Filter>
    </ClCompile>
    <ClCompile Include="src\ui\menus\InteractiveMenu.cpp">
      <Filter>src\ui\menus</Filter>
    </ClCompile>
    <ClCompile Include="src\world\World.cpp">
      <Filter>src\world</Filter>
    </ClCompile>
  </ItemGroup>
  <ItemGroup>
    <None Include="shaders\entityFragment.glsl">
      <Filter>shaders</Filter>
    </None>
    <None Include="shaders\entityVertex.glsl">
      <Filter>shaders</Filter>
    </None>
    <None Include="shaders\fragment.glsl">
      <Filter>shaders</Filter>
    </None>
    <None Include="shaders\menu\menuFragment.glsl">
      <Filter>shaders\menu</Filter>
    </None>
    <None Include="shaders\menu\menuVertex.glsl">
      <Filter>shaders\menu</Filter>
    </None>
    <None Include="shaders\text\textFragment.glsl">
      <Filter>shaders\text</Filter>
    </None>
    <None Include="shaders\text\textVertex.glsl">
      <Filter>shaders\text</Filter>
    </None>
    <None Include="shaders\vertex.glsl">
      <Filter>shaders</Filter>
    </None>
  </ItemGroup>
</Project>